
Microsoft Visual Studio Solution File, Format Version 12.00
# Visual Studio Version 17
VisualStudioVersion = 17.5.33627.172
MinimumVisualStudioVersion = 10.0.40219.1
Project("{FAE04EC0-301F-11D3-BF4B-00C04F79EFBC}") = "Turagents", "Turagents\Turagents.csproj", "{D79D2032-90C1-4AFE-83F6-BF6CC94BB347}"
EndProject
Global
	GlobalSection(SolutionConfigurationPlatforms) = preSolution
		Debug|Any CPU = Debug|Any CPU
		Release|Any CPU = Release|Any CPU
	EndGlobalSection
	GlobalSection(ProjectConfigurationPlatforms) = postSolution
		{D79D2032-90C1-4AFE-83F6-BF6CC94BB347}.Debug|Any CPU.ActiveCfg = Debug|Any CPU
		{D79D2032-90C1-4AFE-83F6-BF6CC94BB347}.Debug|Any CPU.Build.0 = Debug|Any CPU
		{D79D2032-90C1-4AFE-83F6-BF6CC94BB347}.Release|Any CPU.ActiveCfg = Release|Any CPU
		{D79D2032-90C1-4AFE-83F6-BF6CC94BB347}.Release|Any CPU.Build.0 = Release|Any CPU
	EndGlobalSection
	GlobalSection(SolutionProperties) = preSolution
		HideSolutionNode = FALSE
	EndGlobalSection
	GlobalSection(ExtensibilityGlobals) = postSolution
		SolutionGuid = {615C253B-45FC-4295-AFD5-653987572323}
	EndGlobalSection
EndGlobal
